
Microsoft Visual Studio Solution File, Format Version 12.00
# Visual Studio Version 17
VisualStudioVersion = 17.7.34221.43
MinimumVisualStudioVersion = 10.0.40219.1
Project("{FAE04EC0-301F-11D3-BF4B-00C04F79EFBC}") = "Lab_Taobin", "Lab_Taobin\Lab_Taobin.csproj", "{87A04076-4257-4E59-8FD8-2A5DF7DFFD38}"
EndProject
Global
	GlobalSection(SolutionConfigurationPlatforms) = preSolution
		Debug|Any CPU = Debug|Any CPU
		Release|Any CPU = Release|Any CPU
	EndGlobalSection
	GlobalSection(ProjectConfigurationPlatforms) = postSolution
		{87A04076-4257-4E59-8FD8-2A5DF7DFFD38}.Debug|Any CPU.ActiveCfg = Debug|Any CPU
		{87A04076-4257-4E59-8FD8-2A5DF7DFFD38}.Debug|Any CPU.Build.0 = Debug|Any CPU
		{87A04076-4257-4E59-8FD8-2A5DF7DFFD38}.Release|Any CPU.ActiveCfg = Release|Any CPU
		{87A04076-4257-4E59-8FD8-2A5DF7DFFD38}.Release|Any CPU.Build.0 = Release|Any CPU
	EndGlobalSection
	GlobalSection(SolutionProperties) = preSolution
		HideSolutionNode = FALSE
	EndGlobalSection
	GlobalSection(ExtensibilityGlobals) = postSolution
		SolutionGuid = {BE09E19F-2962-46DC-B999-46CC05F41428}
	EndGlobalSection
EndGlobal
